
Microsoft Visual Studio Solution File, Format Version 12.00
# Visual Studio 15
VisualStudioVersion = 15.0.27428.2005
MinimumVisualStudioVersion = 10.0.40219.1
Project("{FAE04EC0-301F-11D3-BF4B-00C04F79EFBC}") = "NSolutions.MagasinVituel.Dominio", "NSolutions.MagasinVituel.Dominio\NSolutions.MagasinVituel.Dominio.csproj", "{01F8AF5C-E1D3-4C04-BB2D-E6B12A3B2CE4}"
EndProject
Project("{FAE04EC0-301F-11D3-BF4B-00C04F79EFBC}") = "NSolutions.MagasinVituel.Web", "NSolutions.MagasinVituel.Web\NSolutions.MagasinVituel.Web.csproj", "{C2FB3BF4-C82D-4C6C-A53B-53C724875DA3}"
EndProject
Project("{FAE04EC0-301F-11D3-BF4B-00C04F79EFBC}") = "NSolutions.MagasinVituel.UnitTest", "NSolutions.MagasinVituel.UnitTest\NSolutions.MagasinVituel.UnitTest.csproj", "{79A3EF82-39F3-45DE-A7AD-9C4B53B6B7A3}"
EndProject
Global
	GlobalSection(SolutionConfigurationPlatforms) = preSolution
		Debug|Any CPU = Debug|Any CPU
		Release|Any CPU = Release|Any CPU
	EndGlobalSection
	GlobalSection(ProjectConfigurationPlatforms) = postSolution
		{01F8AF5C-E1D3-4C04-BB2D-E6B12A3B2CE4}.Debug|Any CPU.ActiveCfg = Debug|Any CPU
		{01F8AF5C-E1D3-4C04-BB2D-E6B12A3B2CE4}.Debug|Any CPU.Build.0 = Debug|Any CPU
		{01F8AF5C-E1D3-4C04-BB2D-E6B12A3B2CE4}.Release|Any CPU.ActiveCfg = Release|Any CPU
		{01F8AF5C-E1D3-4C04-BB2D-E6B12A3B2CE4}.Release|Any CPU.Build.0 = Release|Any CPU
		{C2FB3BF4-C82D-4C6C-A53B-53C724875DA3}.Debug|Any CPU.ActiveCfg = Debug|Any CPU
		{C2FB3BF4-C82D-4C6C-A53B-53C724875DA3}.Debug|Any CPU.Build.0 = Debug|Any CPU
		{C2FB3BF4-C82D-4C6C-A53B-53C724875DA3}.Release|Any CPU.ActiveCfg = Release|Any CPU
		{C2FB3BF4-C82D-4C6C-A53B-53C724875DA3}.Release|Any CPU.Build.0 = Release|Any CPU
		{79A3EF82-39F3-45DE-A7AD-9C4B53B6B7A3}.Debug|Any CPU.ActiveCfg = Debug|Any CPU
		{79A3EF82-39F3-45DE-A7AD-9C4B53B6B7A3}.Debug|Any CPU.Build.0 = Debug|Any CPU
		{79A3EF82-39F3-45DE-A7AD-9C4B53B6B7A3}.Release|Any CPU.ActiveCfg = Release|Any CPU
		{79A3EF82-39F3-45DE-A7AD-9C4B53B6B7A3}.Release|Any CPU.Build.0 = Release|Any CPU
	EndGlobalSection
	GlobalSection(SolutionProperties) = preSolution
		HideSolutionNode = FALSE
	EndGlobalSection
	GlobalSection(ExtensibilityGlobals) = postSolution
		SolutionGuid = {6EF49F71-8E18-42F1-8ACC-797986433CA1}
	EndGlobalSection
EndGlobal
